
Microsoft Visual Studio Solution File, Format Version 12.00
# Visual Studio 15
VisualStudioVersion = 15.0.26228.9
MinimumVisualStudioVersion = 10.0.40219.1
Project("{2150E333-8FDC-42A3-9474-1A3956D46DE8}") = "src", "src", "{94191480-C4E5-4A0F-85FD-F9A245C34B94}"
EndProject
Project("{2150E333-8FDC-42A3-9474-1A3956D46DE8}") = "Solution Items", "Solution Items", "{7B942ACD-CA90-40F1-AD59-97936AAA2130}"
EndProject
Project("{9A19103F-16F7-4668-BE54-9A1E7A4F7556}") = "SandboxCore", "src\SandboxCore\SandboxCore.csproj", "{8FACA83A-DB79-49AF-9858-D00528F7DA99}"
EndProject
Project("{9A19103F-16F7-4668-BE54-9A1E7A4F7556}") = "Identity.Dapper", "src\Identity.Dapper\Identity.Dapper.csproj", "{91AED08C-CD4A-413D-83B7-F8912E7B6419}"
EndProject
Project("{9A19103F-16F7-4668-BE54-9A1E7A4F7556}") = "Identity.Dapper.SqlServer", "src\Identity.Dapper.SqlServer\Identity.Dapper.SqlServer.csproj", "{E4CE4380-242E-445E-A4DF-3C1D282B8183}"
EndProject
Global
	GlobalSection(SolutionConfigurationPlatforms) = preSolution
		Debug|Any CPU = Debug|Any CPU
		Debug|x64 = Debug|x64
		Debug|x86 = Debug|x86
		Release|Any CPU = Release|Any CPU
		Release|x64 = Release|x64
		Release|x86 = Release|x86
	EndGlobalSection
	GlobalSection(ProjectConfigurationPlatforms) = postSolution
		{8FACA83A-DB79-49AF-9858-D00528F7DA99}.Debug|Any CPU.ActiveCfg = Debug|Any CPU
		{8FACA83A-DB79-49AF-9858-D00528F7DA99}.Debug|Any CPU.Build.0 = Debug|Any CPU
		{8FACA83A-DB79-49AF-9858-D00528F7DA99}.Debug|x64.ActiveCfg = Debug|Any CPU
		{8FACA83A-DB79-49AF-9858-D00528F7DA99}.Debug|x64.Build.0 = Debug|Any CPU
		{8FACA83A-DB79-49AF-9858-D00528F7DA99}.Debug|x86.ActiveCfg = Debug|Any CPU
		{8FACA83A-DB79-49AF-9858-D00528F7DA99}.Debug|x86.Build.0 = Debug|Any CPU
		{8FACA83A-DB79-49AF-9858-D00528F7DA99}.Release|Any CPU.ActiveCfg = Release|Any CPU
		{8FACA83A-DB79-49AF-9858-D00528F7DA99}.Release|Any CPU.Build.0 = Release|Any CPU
		{8FACA83A-DB79-49AF-9858-D00528F7DA99}.Release|x64.ActiveCfg = Release|Any CPU
		{8FACA83A-DB79-49AF-9858-D00528F7DA99}.Release|x64.Build.0 = Release|Any CPU
		{8FACA83A-DB79-49AF-9858-D00528F7DA99}.Release|x86.ActiveCfg = Release|Any CPU
		{8FACA83A-DB79-49AF-9858-D00528F7DA99}.Release|x86.Build.0 = Release|Any CPU
		{91AED08C-CD4A-413D-83B7-F8912E7B6419}.Debug|Any CPU.ActiveCfg = Debug|Any CPU
		{91AED08C-CD4A-413D-83B7-F8912E7B6419}.Debug|Any CPU.Build.0 = Debug|Any CPU
		{91AED08C-CD4A-413D-83B7-F8912E7B6419}.Debug|x64.ActiveCfg = Debug|Any CPU
		{91AED08C-CD4A-413D-83B7-F8912E7B6419}.Debug|x64.Build.0 = Debug|Any CPU
		{91AED08C-CD4A-413D-83B7-F8912E7B6419}.Debug|x86.ActiveCfg = Debug|Any CPU
		{91AED08C-CD4A-413D-83B7-F8912E7B6419}.Debug|x86.Build.0 = Debug|Any CPU
		{91AED08C-CD4A-413D-83B7-F8912E7B6419}.Release|Any CPU.ActiveCfg = Release|Any CPU
		{91AED08C-CD4A-413D-83B7-F8912E7B6419}.Release|Any CPU.Build.0 = Release|Any CPU
		{91AED08C-CD4A-413D-83B7-F8912E7B6419}.Release|x64.ActiveCfg = Release|Any CPU
		{91AED08C-CD4A-413D-83B7-F8912E7B6419}.Release|x64.Build.0 = Release|Any CPU
		{91AED08C-CD4A-413D-83B7-F8912E7B6419}.Release|x86.ActiveCfg = Release|Any CPU
		{91AED08C-CD4A-413D-83B7-F8912E7B6419}.Release|x86.Build.0 = Release|Any CPU
		{E4CE4380-242E-445E-A4DF-3C1D282B8183}.Debug|Any CPU.ActiveCfg = Debug|Any CPU
		{E4CE4380-242E-445E-A4DF-3C1D282B8183}.Debug|Any CPU.Build.0 = Debug|Any CPU
		{E4CE4380-242E-445E-A4DF-3C1D282B8183}.Debug|x64.ActiveCfg = Debug|Any CPU
		{E4CE4380-242E-445E-A4DF-3C1D282B8183}.Debug|x64.Build.0 = Debug|Any CPU
		{E4CE4380-242E-445E-A4DF-3C1D282B8183}.Debug|x86.ActiveCfg = Debug|Any CPU
		{E4CE4380-242E-445E-A4DF-3C1D282B8183}.Debug|x86.Build.0 = Debug|Any CPU
		{E4CE4380-242E-445E-A4DF-3C1D282B8183}.Release|Any CPU.ActiveCfg = Release|Any CPU
		{E4CE4380-242E-445E-A4DF-3C1D282B8183}.Release|Any CPU.Build.0 = Release|Any CPU
		{E4CE4380-242E-445E-A4DF-3C1D282B8183}.Release|x64.ActiveCfg = Release|Any CPU
		{E4CE4380-242E-445E-A4DF-3C1D282B8183}.Release|x64.Build.0 = Release|Any CPU
		{E4CE4380-242E-445E-A4DF-3C1D282B8183}.Release|x86.ActiveCfg = Release|Any CPU
		{E4CE4380-242E-445E-A4DF-3C1D282B8183}.Release|x86.Build.0 = Release|Any CPU
	EndGlobalSection
	GlobalSection(SolutionProperties) = preSolution
		HideSolutionNode = FALSE
	EndGlobalSection
	GlobalSection(NestedProjects) = preSolution
		{8FACA83A-DB79-49AF-9858-D00528F7DA99} = {94191480-C4E5-4A0F-85FD-F9A245C34B94}
		{91AED08C-CD4A-413D-83B7-F8912E7B6419} = {94191480-C4E5-4A0F-85FD-F9A245C34B94}
		{E4CE4380-242E-445E-A4DF-3C1D282B8183} = {94191480-C4E5-4A0F-85FD-F9A245C34B94}
	EndGlobalSection
EndGlobal
